
Microsoft Visual Studio Solution File, Format Version 12.00
# Visual Studio 15
VisualStudioVersion = 15.0.27130.2026
MinimumVisualStudioVersion = 10.0.40219.1
Project("{2150E333-8FDC-42A3-9474-1A3956D46DE8}") = "overlay", "overlay", "{AE8C227A-A0CE-4044-8C62-57F036CBAEA0}"
EndProject
Project("{8BC9CEB8-8B4A-11D0-8D11-00A0C91BC942}") = "GameOverlay", "GameOverlay\d3d\GameOverlay.vcxproj", "{73D3DECB-E915-4759-ABD0-FDAC8104B1CB}"
	ProjectSection(ProjectDependencies) = postProject
		{62089454-A7BA-4416-9E4B-EB0085797582} = {62089454-A7BA-4416-9E4B-EB0085797582}
	EndProjectSection
EndProject
Project("{8BC9CEB8-8B4A-11D0-8D11-00A0C91BC942}") = "VK_LAYER_OCAT_overlay", "GameOverlay\vulkan\VK_LAYER_OCAT_overlay.vcxproj", "{5DCD1605-F3A1-418E-B1E9-3C5382D948C8}"
	ProjectSection(ProjectDependencies) = postProject
		{62089454-A7BA-4416-9E4B-EB0085797582} = {62089454-A7BA-4416-9E4B-EB0085797582}
		{73D3DECB-E915-4759-ABD0-FDAC8104B1CB} = {73D3DECB-E915-4759-ABD0-FDAC8104B1CB}
	EndProjectSection
EndProject
Project("{8BC9CEB8-8B4A-11D0-8D11-00A0C91BC942}") = "Commons", "Commons\Commons.vcxproj", "{62089454-A7BA-4416-9E4B-EB0085797582}"
EndProject
Global
	GlobalSection(SolutionConfigurationPlatforms) = preSolution
		Debug|x64 = Debug|x64
		Debug|x86 = Debug|x86
		Release|x64 = Release|x64
		Release|x86 = Release|x86
	EndGlobalSection
	GlobalSection(ProjectConfigurationPlatforms) = postSolution
		{73D3DECB-E915-4759-ABD0-FDAC8104B1CB}.Debug|x64.ActiveCfg = Debug|x64
		{73D3DECB-E915-4759-ABD0-FDAC8104B1CB}.Debug|x64.Build.0 = Debug|x64
		{73D3DECB-E915-4759-ABD0-FDAC8104B1CB}.Debug|x86.ActiveCfg = Debug|Win32
		{73D3DECB-E915-4759-ABD0-FDAC8104B1CB}.Debug|x86.Build.0 = Debug|Win32
		{73D3DECB-E915-4759-ABD0-FDAC8104B1CB}.Release|x64.ActiveCfg = Release|x64
		{73D3DECB-E915-4759-ABD0-FDAC8104B1CB}.Release|x64.Build.0 = Release|x64
		{73D3DECB-E915-4759-ABD0-FDAC8104B1CB}.Release|x86.ActiveCfg = Release|Win32
		{73D3DECB-E915-4759-ABD0-FDAC8104B1CB}.Release|x86.Build.0 = Release|Win32
		{5DCD1605-F3A1-418E-B1E9-3C5382D948C8}.Debug|x64.ActiveCfg = Debug|x64
		{5DCD1605-F3A1-418E-B1E9-3C5382D948C8}.Debug|x64.Build.0 = Debug|x64
		{5DCD1605-F3A1-418E-B1E9-3C5382D948C8}.Debug|x86.ActiveCfg = Debug|Win32
		{5DCD1605-F3A1-418E-B1E9-3C5382D948C8}.Debug|x86.Build.0 = Debug|Win32
		{5DCD1605-F3A1-418E-B1E9-3C5382D948C8}.Release|x64.ActiveCfg = Release|x64
		{5DCD1605-F3A1-418E-B1E9-3C5382D948C8}.Release|x64.Build.0 = Release|x64
		{5DCD1605-F3A1-418E-B1E9-3C5382D948C8}.Release|x86.ActiveCfg = Release|Win32
		{5DCD1605-F3A1-418E-B1E9-3C5382D948C8}.Release|x86.Build.0 = Release|Win32
		{62089454-A7BA-4416-9E4B-EB0085797582}.Debug|x64.ActiveCfg = Debug|x64
		{62089454-A7BA-4416-9E4B-EB0085797582}.Debug|x64.Build.0 = Debug|x64
		{62089454-A7BA-4416-9E4B-EB0085797582}.Debug|x86.ActiveCfg = Debug|Win32
		{62089454-A7BA-4416-9E4B-EB0085797582}.Debug|x86.Build.0 = Debug|Win32
		{62089454-A7BA-4416-9E4B-EB0085797582}.Release|x64.ActiveCfg = Release|x64
		{62089454-A7BA-4416-9E4B-EB0085797582}.Release|x64.Build.0 = Release|x64
		{62089454-A7BA-4416-9E4B-EB0085797582}.Release|x86.ActiveCfg = Release|Win32
		{62089454-A7BA-4416-9E4B-EB0085797582}.Release|x86.Build.0 = Release|Win32
	EndGlobalSection
	GlobalSection(SolutionProperties) = preSolution
		HideSolutionNode = FALSE
	EndGlobalSection
	GlobalSection(NestedProjects) = preSolution
		{73D3DECB-E915-4759-ABD0-FDAC8104B1CB} = {AE8C227A-A0CE-4044-8C62-57F036CBAEA0}
		{5DCD1605-F3A1-418E-B1E9-3C5382D948C8} = {AE8C227A-A0CE-4044-8C62-57F036CBAEA0}
	EndGlobalSection
	GlobalSection(ExtensibilityGlobals) = postSolution
		SolutionGuid = {2FBB5E8A-A49A-4CED-A00A-A761A71E14CB}
	EndGlobalSection
EndGlobal
