<?xml version="1.0" encoding="utf-8"?>
<Project ToolsVersion="15.0" xmlns="http://schemas.microsoft.com/developer/msbuild/2003">
  <ItemGroup>
    <ClCompile Include="D:\game_overlay_sdk\src\Utility\Win32Handle.cpp">
      <Filter>Source Files</Filter>
    </ClCompile>
    <ClCompile Include="D:\game_overlay_sdk\src\Utility\StringUtils.cpp">
      <Filter>Source Files</Filter>
    </ClCompile>
    <ClCompile Include="D:\game_overlay_sdk\src\Utility\SuspendThreads.cpp">
      <Filter>Source Files</Filter>
    </ClCompile>
    <ClCompile Include="D:\game_overlay_sdk\src\DLLInjection\DLLInjection.cpp">
      <Filter>Source Files</Filter>
    </ClCompile>
    <ClCompile Include="D:\game_overlay_sdk\src\DLLInjection\Monitor.cpp">
      <Filter>Source Files</Filter>
    </ClCompile>
    <ClCompile Include="D:\game_overlay_sdk\src\DLLInjection\MonitorProcessCreation.cpp">
      <Filter>Source Files</Filter>
    </ClCompile>
  </ItemGroup>
  <ItemGroup>
    <CustomBuild Include="D:\game_overlay_sdk\CMakeLists.txt" />
  </ItemGroup>
  <ItemGroup>
    <Filter Include="Source Files">
      <UniqueIdentifier>{7BB496F4-71AE-3910-96C7-3387074D0BBD}</UniqueIdentifier>
    </Filter>
  </ItemGroup>
</Project>
