<?xml version="1.0" encoding="utf-8"?>
<Project ToolsVersion="15.0" xmlns="http://schemas.microsoft.com/developer/msbuild/2003">
  <ItemGroup>
    <ClCompile Include="D:\game_overlay_sdk\src\DLLToInject\GameOverlay\d3d\source\d3d\DXGIWrapper.cpp">
      <Filter>Source Files</Filter>
    </ClCompile>
    <ClCompile Include="D:\game_overlay_sdk\src\DLLToInject\GameOverlay\d3d\source\d3d\d3d11_renderer.cpp">
      <Filter>Source Files</Filter>
    </ClCompile>
    <ClCompile Include="D:\game_overlay_sdk\src\DLLToInject\GameOverlay\d3d\source\d3d\d3d12_renderer.cpp">
      <Filter>Source Files</Filter>
    </ClCompile>
    <ClCompile Include="D:\game_overlay_sdk\src\DLLToInject\GameOverlay\d3d\source\d3d\dxgi.cpp">
      <Filter>Source Files</Filter>
    </ClCompile>
    <ClCompile Include="D:\game_overlay_sdk\src\DLLToInject\GameOverlay\d3d\source\d3d\dxgi_swapchain.cpp">
      <Filter>Source Files</Filter>
    </ClCompile>
    <ClCompile Include="D:\game_overlay_sdk\src\DLLToInject\GameOverlay\d3d\source\d3d\oculus.cpp">
      <Filter>Source Files</Filter>
    </ClCompile>
    <ClCompile Include="D:\game_overlay_sdk\src\DLLToInject\GameOverlay\d3d\source\d3d\steamvr.cpp">
      <Filter>Source Files</Filter>
    </ClCompile>
    <ClCompile Include="D:\game_overlay_sdk\src\DLLToInject\GameOverlay\d3d\source\hook.cpp">
      <Filter>Source Files</Filter>
    </ClCompile>
    <ClCompile Include="D:\game_overlay_sdk\src\DLLToInject\GameOverlay\d3d\source\hook_manager.cpp">
      <Filter>Source Files</Filter>
    </ClCompile>
    <ClCompile Include="D:\game_overlay_sdk\src\DLLToInject\GameOverlay\d3d\source\main.cpp">
      <Filter>Source Files</Filter>
    </ClCompile>
  </ItemGroup>
  <ItemGroup>
    <ClInclude Include="D:\game_overlay_sdk\src\DLLToInject\GameOverlay\d3d\exports.def">
      <Filter>Source Files</Filter>
    </ClInclude>
  </ItemGroup>
  <ItemGroup>
    <CustomBuild Include="D:\game_overlay_sdk\CMakeLists.txt" />
  </ItemGroup>
  <ItemGroup>
    <ResourceCompile Include="D:\game_overlay_sdk\src\DLLToInject\GameOverlay\d3d\res\resource.rc">
      <Filter>Source Files</Filter>
    </ResourceCompile>
  </ItemGroup>
  <ItemGroup>
    <Filter Include="Source Files">
      <UniqueIdentifier>{7BB496F4-71AE-3910-96C7-3387074D0BBD}</UniqueIdentifier>
    </Filter>
  </ItemGroup>
</Project>
